
Microsoft Visual Studio Solution File, Format Version 12.00
# Visual Studio 15
VisualStudioVersion = 15.0.27130.2024
MinimumVisualStudioVersion = 10.0.40219.1
Project("{9A19103F-16F7-4668-BE54-9A1E7A4F7556}") = "wedding-photo-sharing-receiver", "wedding-photo-sharing-receiver.csproj", "{C3FD3E48-CBC0-420B-BF04-F9687ACB8E87}"
EndProject
Global
	GlobalSection(SolutionConfigurationPlatforms) = preSolution
		Debug|Any CPU = Debug|Any CPU
		Release|Any CPU = Release|Any CPU
	EndGlobalSection
	GlobalSection(ProjectConfigurationPlatforms) = postSolution
		{C3FD3E48-CBC0-420B-BF04-F9687ACB8E87}.Debug|Any CPU.ActiveCfg = Debug|Any CPU
		{C3FD3E48-CBC0-420B-BF04-F9687ACB8E87}.Debug|Any CPU.Build.0 = Debug|Any CPU
		{C3FD3E48-CBC0-420B-BF04-F9687ACB8E87}.Release|Any CPU.ActiveCfg = Release|Any CPU
		{C3FD3E48-CBC0-420B-BF04-F9687ACB8E87}.Release|Any CPU.Build.0 = Release|Any CPU
	EndGlobalSection
	GlobalSection(SolutionProperties) = preSolution
		HideSolutionNode = FALSE
	EndGlobalSection
	GlobalSection(ExtensibilityGlobals) = postSolution
		SolutionGuid = {45B50FA6-80FD-4D7C-AD0B-4AC7B61C317C}
	EndGlobalSection
EndGlobal
